
Microsoft Visual Studio Solution File, Format Version 12.00
# Visual Studio 15
VisualStudioVersion = 15.0.27428.2037
MinimumVisualStudioVersion = 10.0.40219.1
Project("{FAE04EC0-301F-11D3-BF4B-00C04F79EFBC}") = "Ardunio-MySQL-Bridge", "Ardunio-MySQL-Bridge\Ardunio-MySQL-Bridge.csproj", "{7D8B07C5-AAC9-4F60-9C4E-3FD999174926}"
EndProject
Global
	GlobalSection(SolutionConfigurationPlatforms) = preSolution
		Debug|Any CPU = Debug|Any CPU
		Release|Any CPU = Release|Any CPU
	EndGlobalSection
	GlobalSection(ProjectConfigurationPlatforms) = postSolution
		{7D8B07C5-AAC9-4F60-9C4E-3FD999174926}.Debug|Any CPU.ActiveCfg = Debug|Any CPU
		{7D8B07C5-AAC9-4F60-9C4E-3FD999174926}.Debug|Any CPU.Build.0 = Debug|Any CPU
		{7D8B07C5-AAC9-4F60-9C4E-3FD999174926}.Release|Any CPU.ActiveCfg = Release|Any CPU
		{7D8B07C5-AAC9-4F60-9C4E-3FD999174926}.Release|Any CPU.Build.0 = Release|Any CPU
	EndGlobalSection
	GlobalSection(SolutionProperties) = preSolution
		HideSolutionNode = FALSE
	EndGlobalSection
	GlobalSection(ExtensibilityGlobals) = postSolution
		SolutionGuid = {C52925D3-567C-42F3-A175-9E2F34D08609}
	EndGlobalSection
EndGlobal
